
Microsoft Visual Studio Solution File, Format Version 12.00
# Visual Studio Version 17
VisualStudioVersion = 17.6.33815.320
MinimumVisualStudioVersion = 10.0.40219.1
Project("{FAE04EC0-301F-11D3-BF4B-00C04F79EFBC}") = "CapsCommander", "CapsCommander\CapsCommander.csproj", "{C90CD3AE-46BE-4EE5-A3AF-02DB4F845B00}"
EndProject
Global
	GlobalSection(SolutionConfigurationPlatforms) = preSolution
		Debug|Any CPU = Debug|Any CPU
		Release|Any CPU = Release|Any CPU
	EndGlobalSection
	GlobalSection(ProjectConfigurationPlatforms) = postSolution
		{C90CD3AE-46BE-4EE5-A3AF-02DB4F845B00}.Debug|Any CPU.ActiveCfg = Debug|Any CPU
		{C90CD3AE-46BE-4EE5-A3AF-02DB4F845B00}.Debug|Any CPU.Build.0 = Debug|Any CPU
		{C90CD3AE-46BE-4EE5-A3AF-02DB4F845B00}.Release|Any CPU.ActiveCfg = Release|Any CPU
		{C90CD3AE-46BE-4EE5-A3AF-02DB4F845B00}.Release|Any CPU.Build.0 = Release|Any CPU
	EndGlobalSection
	GlobalSection(SolutionProperties) = preSolution
		HideSolutionNode = FALSE
	EndGlobalSection
	GlobalSection(ExtensibilityGlobals) = postSolution
		SolutionGuid = {741476C6-C4A1-40DF-A5B6-BDF5E52B1183}
	EndGlobalSection
EndGlobal
